
Microsoft Visual Studio Solution File, Format Version 12.00
# Visual Studio Version 16
VisualStudioVersion = 16.0.34601.136
MinimumVisualStudioVersion = 10.0.40219.1
Project("{FAE04EC0-301F-11D3-BF4B-00C04F79EFBC}") = "TPWinForm_16A", "TPWinForm_16A.csproj", "{BEF2DF98-D7A9-49F9-9DA4-C31F0244AB72}"
EndProject
Project("{FAE04EC0-301F-11D3-BF4B-00C04F79EFBC}") = "Business", "Business\Business.csproj", "{FFFA04DB-D698-495E-987B-28295C73FB29}"
EndProject
Project("{FAE04EC0-301F-11D3-BF4B-00C04F79EFBC}") = "DataAccess", "DataAccess\DataAccess.csproj", "{98677985-B64C-471E-9080-FA40E29D997E}"
EndProject
Project("{FAE04EC0-301F-11D3-BF4B-00C04F79EFBC}") = "Domain", "Domain\Domain.csproj", "{0C953172-BB8C-4977-BB74-7893462EA150}"
EndProject
Global
	GlobalSection(SolutionConfigurationPlatforms) = preSolution
		Debug|Any CPU = Debug|Any CPU
		Release|Any CPU = Release|Any CPU
	EndGlobalSection
	GlobalSection(ProjectConfigurationPlatforms) = postSolution
		{BEF2DF98-D7A9-49F9-9DA4-C31F0244AB72}.Debug|Any CPU.ActiveCfg = Debug|Any CPU
		{BEF2DF98-D7A9-49F9-9DA4-C31F0244AB72}.Debug|Any CPU.Build.0 = Debug|Any CPU
		{BEF2DF98-D7A9-49F9-9DA4-C31F0244AB72}.Release|Any CPU.ActiveCfg = Release|Any CPU
		{BEF2DF98-D7A9-49F9-9DA4-C31F0244AB72}.Release|Any CPU.Build.0 = Release|Any CPU
		{FFFA04DB-D698-495E-987B-28295C73FB29}.Debug|Any CPU.ActiveCfg = Debug|Any CPU
		{FFFA04DB-D698-495E-987B-28295C73FB29}.Debug|Any CPU.Build.0 = Debug|Any CPU
		{FFFA04DB-D698-495E-987B-28295C73FB29}.Release|Any CPU.ActiveCfg = Release|Any CPU
		{FFFA04DB-D698-495E-987B-28295C73FB29}.Release|Any CPU.Build.0 = Release|Any CPU
		{98677985-B64C-471E-9080-FA40E29D997E}.Debug|Any CPU.ActiveCfg = Debug|Any CPU
		{98677985-B64C-471E-9080-FA40E29D997E}.Debug|Any CPU.Build.0 = Debug|Any CPU
		{98677985-B64C-471E-9080-FA40E29D997E}.Release|Any CPU.ActiveCfg = Release|Any CPU
		{98677985-B64C-471E-9080-FA40E29D997E}.Release|Any CPU.Build.0 = Release|Any CPU
		{0C953172-BB8C-4977-BB74-7893462EA150}.Debug|Any CPU.ActiveCfg = Debug|Any CPU
		{0C953172-BB8C-4977-BB74-7893462EA150}.Debug|Any CPU.Build.0 = Debug|Any CPU
		{0C953172-BB8C-4977-BB74-7893462EA150}.Release|Any CPU.ActiveCfg = Release|Any CPU
		{0C953172-BB8C-4977-BB74-7893462EA150}.Release|Any CPU.Build.0 = Release|Any CPU
	EndGlobalSection
	GlobalSection(SolutionProperties) = preSolution
		HideSolutionNode = FALSE
	EndGlobalSection
	GlobalSection(ExtensibilityGlobals) = postSolution
		SolutionGuid = {73F666B1-7365-4964-AF63-0F0457B8E490}
	EndGlobalSection
EndGlobal
